
Microsoft Visual Studio Solution File, Format Version 12.00
# Visual Studio 14
VisualStudioVersion = 14.0.24720.0
MinimumVisualStudioVersion = 10.0.40219.1
Project("{FAE04EC0-301F-11D3-BF4B-00C04F79EFBC}") = "FluxDiscoverDiagnosis", "FluxDiscoverDiagnosis\FluxDiscoverDiagnosis.csproj", "{095BE6D2-49AF-4189-B95A-38BC123D346A}"
EndProject
Global
	GlobalSection(SolutionConfigurationPlatforms) = preSolution
		Debug|Any CPU = Debug|Any CPU
		Release|Any CPU = Release|Any CPU
	EndGlobalSection
	GlobalSection(ProjectConfigurationPlatforms) = postSolution
		{095BE6D2-49AF-4189-B95A-38BC123D346A}.Debug|Any CPU.ActiveCfg = Debug|Any CPU
		{095BE6D2-49AF-4189-B95A-38BC123D346A}.Debug|Any CPU.Build.0 = Debug|Any CPU
		{095BE6D2-49AF-4189-B95A-38BC123D346A}.Release|Any CPU.ActiveCfg = Release|Any CPU
		{095BE6D2-49AF-4189-B95A-38BC123D346A}.Release|Any CPU.Build.0 = Release|Any CPU
	EndGlobalSection
	GlobalSection(SolutionProperties) = preSolution
		HideSolutionNode = FALSE
	EndGlobalSection
EndGlobal
